
Microsoft Visual Studio Solution File, Format Version 12.00
# Visual Studio 15
VisualStudioVersion = 15.0.28307.421
MinimumVisualStudioVersion = 10.0.40219.1
Project("{F184B08F-C81C-45F6-A57F-5ABD9991F28F}") = "ppedv.HalloMVVM.Model", "ppedv.HalloMVVM.Model\ppedv.HalloMVVM.Model.vbproj", "{0EA2E297-A4B5-45B0-BCD8-2E1354B83F9C}"
EndProject
Project("{F184B08F-C81C-45F6-A57F-5ABD9991F28F}") = "ppedv.HalloMVVM.Data.EF", "ppedv.HalloMVVM.Data.EF\ppedv.HalloMVVM.Data.EF.vbproj", "{BF3B6898-9691-4C72-BF02-7814725BC8F9}"
EndProject
Project("{F184B08F-C81C-45F6-A57F-5ABD9991F28F}") = "ppedv.HalloMVVM.Data.EF.Tests", "ppedv.HalloMVVM.Data.EF.Tests\ppedv.HalloMVVM.Data.EF.Tests.vbproj", "{A71841F5-EB7E-4D8A-8972-BD86E750F3D9}"
EndProject
Global
	GlobalSection(SolutionConfigurationPlatforms) = preSolution
		Debug|Any CPU = Debug|Any CPU
		Release|Any CPU = Release|Any CPU
	EndGlobalSection
	GlobalSection(ProjectConfigurationPlatforms) = postSolution
		{0EA2E297-A4B5-45B0-BCD8-2E1354B83F9C}.Debug|Any CPU.ActiveCfg = Debug|Any CPU
		{0EA2E297-A4B5-45B0-BCD8-2E1354B83F9C}.Debug|Any CPU.Build.0 = Debug|Any CPU
		{0EA2E297-A4B5-45B0-BCD8-2E1354B83F9C}.Release|Any CPU.ActiveCfg = Release|Any CPU
		{0EA2E297-A4B5-45B0-BCD8-2E1354B83F9C}.Release|Any CPU.Build.0 = Release|Any CPU
		{BF3B6898-9691-4C72-BF02-7814725BC8F9}.Debug|Any CPU.ActiveCfg = Debug|Any CPU
		{BF3B6898-9691-4C72-BF02-7814725BC8F9}.Debug|Any CPU.Build.0 = Debug|Any CPU
		{BF3B6898-9691-4C72-BF02-7814725BC8F9}.Release|Any CPU.ActiveCfg = Release|Any CPU
		{BF3B6898-9691-4C72-BF02-7814725BC8F9}.Release|Any CPU.Build.0 = Release|Any CPU
		{A71841F5-EB7E-4D8A-8972-BD86E750F3D9}.Debug|Any CPU.ActiveCfg = Debug|Any CPU
		{A71841F5-EB7E-4D8A-8972-BD86E750F3D9}.Debug|Any CPU.Build.0 = Debug|Any CPU
		{A71841F5-EB7E-4D8A-8972-BD86E750F3D9}.Release|Any CPU.ActiveCfg = Release|Any CPU
		{A71841F5-EB7E-4D8A-8972-BD86E750F3D9}.Release|Any CPU.Build.0 = Release|Any CPU
	EndGlobalSection
	GlobalSection(SolutionProperties) = preSolution
		HideSolutionNode = FALSE
	EndGlobalSection
	GlobalSection(ExtensibilityGlobals) = postSolution
		SolutionGuid = {0236704D-5798-4503-9EF5-01851B142B3B}
	EndGlobalSection
EndGlobal
